Microsoft Visual Studio Solution File, Format Version 12.00
# Visual Studio Version 16
VisualStudioVersion = 16.0.0.0
MinimumVisualStudioVersion = 16.0.0.0
Project("{2150E333-8FDC-42A3-9474-1A3956D46DE8}") = "Gso", "Gso", "{F531CB3E-EDA7-4EFD-AA54-03932DBBE4B1}"
EndProject
Project("{FAE04EC0-301F-11D3-BF4B-00C04F79EFBC}") = "Client", "Lis\Gso\Client\Client.csproj", "{480F63B1-9EC0-47BB-AD1A-D4633FC89003}"
EndProject
Project("{FAE04EC0-301F-11D3-BF4B-00C04F79EFBC}") = "Server", "Lis\Gso\Server\Server.csproj", "{2D5A43C2-1803-4310-92AE-EEB35E97A6F3}"
EndProject
Project("{FAE04EC0-301F-11D3-BF4B-00C04F79EFBC}") = "Shared", "Lis\Gso\Shared\Shared.csproj", "{F388ADB2-FAFA-43C4-979A-275E622BCFAF}"
EndProject
Project("{2150E333-8FDC-42A3-9474-1A3956D46DE8}") = "Plugins", "Plugins", "{6528A1AB-25F1-4DF2-8F59-61B3DB69191C}"
EndProject
Project("{FAE04EC0-301F-11D3-BF4B-00C04F79EFBC}") = "Plugin1", "Plugins\Gso\Plugin1\Plugin1.csproj", "{DE71E91C-6C05-4D4E-8B93-D85F626046BA}"
EndProject
Project("{FAE04EC0-301F-11D3-BF4B-00C04F79EFBC}") = "Plugin2", "Plugins\Gso\Plugin2\Plugin2.csproj", "{E4597C63-9F92-4D49-B9CA-C97990CEED12}"
EndProject
Project("{FAE04EC0-301F-11D3-BF4B-00C04F79EFBC}") = "Plugin3", "Plugins\Gso\Plugin3\Plugin3.csproj", "{5C7CC0F9-7F84-4DCF-B99B-039F1818E20B}"
EndProject
Global
	GlobalSection(SolutionConfigurationPlatforms) = preSolution
		Debug|Any CPU = Debug|Any CPU
		Debug|x64 = Debug|x64
		Debug|x86 = Debug|x86
		Release|Any CPU = Release|Any CPU
		Release|x64 = Release|x64
		Release|x86 = Release|x86
	EndGlobalSection
	GlobalSection(ProjectConfigurationPlatforms) = postSolution
		{480F63B1-9EC0-47BB-AD1A-D4633FC89003}.Debug|Any CPU.ActiveCfg = Debug|Any CPU
		{480F63B1-9EC0-47BB-AD1A-D4633FC89003}.Debug|Any CPU.Build.0 = Debug|Any CPU
		{480F63B1-9EC0-47BB-AD1A-D4633FC89003}.Debug|x64.ActiveCfg = Debug|Any CPU
		{480F63B1-9EC0-47BB-AD1A-D4633FC89003}.Debug|x64.Build.0 = Debug|Any CPU
		{480F63B1-9EC0-47BB-AD1A-D4633FC89003}.Debug|x86.ActiveCfg = Debug|Any CPU
		{480F63B1-9EC0-47BB-AD1A-D4633FC89003}.Debug|x86.Build.0 = Debug|Any CPU
		{480F63B1-9EC0-47BB-AD1A-D4633FC89003}.Release|Any CPU.ActiveCfg = Release|Any CPU
		{480F63B1-9EC0-47BB-AD1A-D4633FC89003}.Release|Any CPU.Build.0 = Release|Any CPU
		{480F63B1-9EC0-47BB-AD1A-D4633FC89003}.Release|x64.ActiveCfg = Release|Any CPU
		{480F63B1-9EC0-47BB-AD1A-D4633FC89003}.Release|x64.Build.0 = Release|Any CPU
		{480F63B1-9EC0-47BB-AD1A-D4633FC89003}.Release|x86.ActiveCfg = Release|Any CPU
		{480F63B1-9EC0-47BB-AD1A-D4633FC89003}.Release|x86.Build.0 = Release|Any CPU
		{2D5A43C2-1803-4310-92AE-EEB35E97A6F3}.Debug|Any CPU.ActiveCfg = Debug|Any CPU
		{2D5A43C2-1803-4310-92AE-EEB35E97A6F3}.Debug|Any CPU.Build.0 = Debug|Any CPU
		{2D5A43C2-1803-4310-92AE-EEB35E97A6F3}.Debug|x64.ActiveCfg = Debug|Any CPU
		{2D5A43C2-1803-4310-92AE-EEB35E97A6F3}.Debug|x64.Build.0 = Debug|Any CPU
		{2D5A43C2-1803-4310-92AE-EEB35E97A6F3}.Debug|x86.ActiveCfg = Debug|Any CPU
		{2D5A43C2-1803-4310-92AE-EEB35E97A6F3}.Debug|x86.Build.0 = Debug|Any CPU
		{2D5A43C2-1803-4310-92AE-EEB35E97A6F3}.Release|Any CPU.ActiveCfg = Release|Any CPU
		{2D5A43C2-1803-4310-92AE-EEB35E97A6F3}.Release|Any CPU.Build.0 = Release|Any CPU
		{2D5A43C2-1803-4310-92AE-EEB35E97A6F3}.Release|x64.ActiveCfg = Release|Any CPU
		{2D5A43C2-1803-4310-92AE-EEB35E97A6F3}.Release|x64.Build.0 = Release|Any CPU
		{2D5A43C2-1803-4310-92AE-EEB35E97A6F3}.Release|x86.ActiveCfg = Release|Any CPU
		{2D5A43C2-1803-4310-92AE-EEB35E97A6F3}.Release|x86.Build.0 = Release|Any CPU
		{F388ADB2-FAFA-43C4-979A-275E622BCFAF}.Debug|Any CPU.ActiveCfg = Debug|Any CPU
		{F388ADB2-FAFA-43C4-979A-275E622BCFAF}.Debug|Any CPU.Build.0 = Debug|Any CPU
		{F388ADB2-FAFA-43C4-979A-275E622BCFAF}.Debug|x64.ActiveCfg = Debug|Any CPU
		{F388ADB2-FAFA-43C4-979A-275E622BCFAF}.Debug|x64.Build.0 = Debug|Any CPU
		{F388ADB2-FAFA-43C4-979A-275E622BCFAF}.Debug|x86.ActiveCfg = Debug|Any CPU
		{F388ADB2-FAFA-43C4-979A-275E622BCFAF}.Debug|x86.Build.0 = Debug|Any CPU
		{F388ADB2-FAFA-43C4-979A-275E622BCFAF}.Release|Any CPU.ActiveCfg = Release|Any CPU
		{F388ADB2-FAFA-43C4-979A-275E622BCFAF}.Release|Any CPU.Build.0 = Release|Any CPU
		{F388ADB2-FAFA-43C4-979A-275E622BCFAF}.Release|x64.ActiveCfg = Release|Any CPU
		{F388ADB2-FAFA-43C4-979A-275E622BCFAF}.Release|x64.Build.0 = Release|Any CPU
		{F388ADB2-FAFA-43C4-979A-275E622BCFAF}.Release|x86.ActiveCfg = Release|Any CPU
		{F388ADB2-FAFA-43C4-979A-275E622BCFAF}.Release|x86.Build.0 = Release|Any CPU
		{DE71E91C-6C05-4D4E-8B93-D85F626046BA}.Debug|Any CPU.ActiveCfg = Debug|Any CPU
		{DE71E91C-6C05-4D4E-8B93-D85F626046BA}.Debug|Any CPU.Build.0 = Debug|Any CPU
		{DE71E91C-6C05-4D4E-8B93-D85F626046BA}.Debug|x64.ActiveCfg = Debug|Any CPU
		{DE71E91C-6C05-4D4E-8B93-D85F626046BA}.Debug|x64.Build.0 = Debug|Any CPU
		{DE71E91C-6C05-4D4E-8B93-D85F626046BA}.Debug|x86.ActiveCfg = Debug|Any CPU
		{DE71E91C-6C05-4D4E-8B93-D85F626046BA}.Debug|x86.Build.0 = Debug|Any CPU
		{DE71E91C-6C05-4D4E-8B93-D85F626046BA}.Release|Any CPU.ActiveCfg = Release|Any CPU
		{DE71E91C-6C05-4D4E-8B93-D85F626046BA}.Release|Any CPU.Build.0 = Release|Any CPU
		{DE71E91C-6C05-4D4E-8B93-D85F626046BA}.Release|x64.ActiveCfg = Release|Any CPU
		{DE71E91C-6C05-4D4E-8B93-D85F626046BA}.Release|x64.Build.0 = Release|Any CPU
		{DE71E91C-6C05-4D4E-8B93-D85F626046BA}.Release|x86.ActiveCfg = Release|Any CPU
		{DE71E91C-6C05-4D4E-8B93-D85F626046BA}.Release|x86.Build.0 = Release|Any CPU
		{E4597C63-9F92-4D49-B9CA-C97990CEED12}.Debug|Any CPU.ActiveCfg = Debug|Any CPU
		{E4597C63-9F92-4D49-B9CA-C97990CEED12}.Debug|Any CPU.Build.0 = Debug|Any CPU
		{E4597C63-9F92-4D49-B9CA-C97990CEED12}.Debug|x64.ActiveCfg = Debug|Any CPU
		{E4597C63-9F92-4D49-B9CA-C97990CEED12}.Debug|x64.Build.0 = Debug|Any CPU
		{E4597C63-9F92-4D49-B9CA-C97990CEED12}.Debug|x86.ActiveCfg = Debug|Any CPU
		{E4597C63-9F92-4D49-B9CA-C97990CEED12}.Debug|x86.Build.0 = Debug|Any CPU
		{E4597C63-9F92-4D49-B9CA-C97990CEED12}.Release|Any CPU.ActiveCfg = Release|Any CPU
		{E4597C63-9F92-4D49-B9CA-C97990CEED12}.Release|Any CPU.Build.0 = Release|Any CPU
		{E4597C63-9F92-4D49-B9CA-C97990CEED12}.Release|x64.ActiveCfg = Release|Any CPU
		{E4597C63-9F92-4D49-B9CA-C97990CEED12}.Release|x64.Build.0 = Release|Any CPU
		{E4597C63-9F92-4D49-B9CA-C97990CEED12}.Release|x86.ActiveCfg = Release|Any CPU
		{E4597C63-9F92-4D49-B9CA-C97990CEED12}.Release|x86.Build.0 = Release|Any CPU
		{5C7CC0F9-7F84-4DCF-B99B-039F1818E20B}.Debug|Any CPU.ActiveCfg = Debug|Any CPU
		{5C7CC0F9-7F84-4DCF-B99B-039F1818E20B}.Debug|Any CPU.Build.0 = Debug|Any CPU
		{5C7CC0F9-7F84-4DCF-B99B-039F1818E20B}.Debug|x64.ActiveCfg = Debug|Any CPU
		{5C7CC0F9-7F84-4DCF-B99B-039F1818E20B}.Debug|x64.Build.0 = Debug|Any CPU
		{5C7CC0F9-7F84-4DCF-B99B-039F1818E20B}.Debug|x86.ActiveCfg = Debug|Any CPU
		{5C7CC0F9-7F84-4DCF-B99B-039F1818E20B}.Debug|x86.Build.0 = Debug|Any CPU
		{5C7CC0F9-7F84-4DCF-B99B-039F1818E20B}.Release|Any CPU.ActiveCfg = Release|Any CPU
		{5C7CC0F9-7F84-4DCF-B99B-039F1818E20B}.Release|Any CPU.Build.0 = Release|Any CPU
		{5C7CC0F9-7F84-4DCF-B99B-039F1818E20B}.Release|x64.ActiveCfg = Release|Any CPU
		{5C7CC0F9-7F84-4DCF-B99B-039F1818E20B}.Release|x64.Build.0 = Release|Any CPU
		{5C7CC0F9-7F84-4DCF-B99B-039F1818E20B}.Release|x86.ActiveCfg = Release|Any CPU
		{5C7CC0F9-7F84-4DCF-B99B-039F1818E20B}.Release|x86.Build.0 = Release|Any CPU
	EndGlobalSection
	GlobalSection(SolutionProperties) = preSolution
		HideSolutionNode = FALSE
	EndGlobalSection
	GlobalSection(ExtensibilityGlobals) = postSolution
		SolutionGuid = {F06FF25C-0B12-4B41-859F-D4A9C563D501}
	EndGlobalSection
	GlobalSection(NestedProjects) = preSolution
		{480F63B1-9EC0-47BB-AD1A-D4633FC89003} = {F531CB3E-EDA7-4EFD-AA54-03932DBBE4B1}
		{2D5A43C2-1803-4310-92AE-EEB35E97A6F3} = {F531CB3E-EDA7-4EFD-AA54-03932DBBE4B1}
		{F388ADB2-FAFA-43C4-979A-275E622BCFAF} = {F531CB3E-EDA7-4EFD-AA54-03932DBBE4B1}
		{DE71E91C-6C05-4D4E-8B93-D85F626046BA} = {6528A1AB-25F1-4DF2-8F59-61B3DB69191C}
		{E4597C63-9F92-4D49-B9CA-C97990CEED12} = {6528A1AB-25F1-4DF2-8F59-61B3DB69191C}
		{5C7CC0F9-7F84-4DCF-B99B-039F1818E20B} = {6528A1AB-25F1-4DF2-8F59-61B3DB69191C}
	EndGlobalSection
EndGlobal
